
Microsoft Visual Studio Solution File, Format Version 12.00
# Visual Studio 15
VisualStudioVersion = 15.0.27004.2009
MinimumVisualStudioVersion = 10.0.40219.1
Project("{FAE04EC0-301F-11D3-BF4B-00C04F79EFBC}") = "Sample0008", "Sample0008\Sample0008\Sample0008.csproj", "{DBA31FA0-D373-4768-BF0F-83CF77DFB4DD}"
EndProject
Project("{FAE04EC0-301F-11D3-BF4B-00C04F79EFBC}") = "Sample0008.Android", "Sample0008\Sample0008.Android\Sample0008.Android.csproj", "{F35C22A5-458B-4178-9CC8-E8EA0F2C5E4A}"
EndProject
Project("{FAE04EC0-301F-11D3-BF4B-00C04F79EFBC}") = "Sample0008.iOS", "Sample0008\Sample0008.iOS\Sample0008.iOS.csproj", "{ECCD9689-0DC3-4387-83DE-8B42DB97B7BF}"
EndProject
Global
	GlobalSection(SolutionConfigurationPlatforms) = preSolution
		Ad-Hoc|Any CPU = Ad-Hoc|Any CPU
		Ad-Hoc|iPhone = Ad-Hoc|iPhone
		Ad-Hoc|iPhoneSimulator = Ad-Hoc|iPhoneSimulator
		AppStore|Any CPU = AppStore|Any CPU
		AppStore|iPhone = AppStore|iPhone
		AppStore|iPhoneSimulator = AppStore|iPhoneSimulator
		Debug|Any CPU = Debug|Any CPU
		Debug|iPhone = Debug|iPhone
		Debug|iPhoneSimulator = Debug|iPhoneSimulator
		Release|Any CPU = Release|Any CPU
		Release|iPhone = Release|iPhone
		Release|iPhoneSimulator = Release|iPhoneSimulator
	EndGlobalSection
	GlobalSection(ProjectConfigurationPlatforms) = postSolution
		{DBA31FA0-D373-4768-BF0F-83CF77DFB4DD}.Ad-Hoc|Any CPU.ActiveCfg = Debug|Any CPU
		{DBA31FA0-D373-4768-BF0F-83CF77DFB4DD}.Ad-Hoc|Any CPU.Build.0 = Debug|Any CPU
		{DBA31FA0-D373-4768-BF0F-83CF77DFB4DD}.Ad-Hoc|iPhone.ActiveCfg = Debug|Any CPU
		{DBA31FA0-D373-4768-BF0F-83CF77DFB4DD}.Ad-Hoc|iPhone.Build.0 = Debug|Any CPU
		{DBA31FA0-D373-4768-BF0F-83CF77DFB4DD}.Ad-Hoc|iPhoneSimulator.ActiveCfg = Debug|Any CPU
		{DBA31FA0-D373-4768-BF0F-83CF77DFB4DD}.Ad-Hoc|iPhoneSimulator.Build.0 = Debug|Any CPU
		{DBA31FA0-D373-4768-BF0F-83CF77DFB4DD}.AppStore|Any CPU.ActiveCfg = Debug|Any CPU
		{DBA31FA0-D373-4768-BF0F-83CF77DFB4DD}.AppStore|Any CPU.Build.0 = Debug|Any CPU
		{DBA31FA0-D373-4768-BF0F-83CF77DFB4DD}.AppStore|iPhone.ActiveCfg = Debug|Any CPU
		{DBA31FA0-D373-4768-BF0F-83CF77DFB4DD}.AppStore|iPhone.Build.0 = Debug|Any CPU
		{DBA31FA0-D373-4768-BF0F-83CF77DFB4DD}.AppStore|iPhoneSimulator.ActiveCfg = Debug|Any CPU
		{DBA31FA0-D373-4768-BF0F-83CF77DFB4DD}.AppStore|iPhoneSimulator.Build.0 = Debug|Any CPU
		{DBA31FA0-D373-4768-BF0F-83CF77DFB4DD}.Debug|Any CPU.ActiveCfg = Debug|Any CPU
		{DBA31FA0-D373-4768-BF0F-83CF77DFB4DD}.Debug|Any CPU.Build.0 = Debug|Any CPU
		{DBA31FA0-D373-4768-BF0F-83CF77DFB4DD}.Debug|iPhone.ActiveCfg = Debug|Any CPU
		{DBA31FA0-D373-4768-BF0F-83CF77DFB4DD}.Debug|iPhone.Build.0 = Debug|Any CPU
		{DBA31FA0-D373-4768-BF0F-83CF77DFB4DD}.Debug|iPhoneSimulator.ActiveCfg = Debug|Any CPU
		{DBA31FA0-D373-4768-BF0F-83CF77DFB4DD}.Debug|iPhoneSimulator.Build.0 = Debug|Any CPU
		{DBA31FA0-D373-4768-BF0F-83CF77DFB4DD}.Release|Any CPU.ActiveCfg = Release|Any CPU
		{DBA31FA0-D373-4768-BF0F-83CF77DFB4DD}.Release|Any CPU.Build.0 = Release|Any CPU
		{DBA31FA0-D373-4768-BF0F-83CF77DFB4DD}.Release|iPhone.ActiveCfg = Release|Any CPU
		{DBA31FA0-D373-4768-BF0F-83CF77DFB4DD}.Release|iPhone.Build.0 = Release|Any CPU
		{DBA31FA0-D373-4768-BF0F-83CF77DFB4DD}.Release|iPhoneSimulator.ActiveCfg = Release|Any CPU
		{DBA31FA0-D373-4768-BF0F-83CF77DFB4DD}.Release|iPhoneSimulator.Build.0 = Release|Any CPU
		{F35C22A5-458B-4178-9CC8-E8EA0F2C5E4A}.Ad-Hoc|Any CPU.ActiveCfg = Release|Any CPU
		{F35C22A5-458B-4178-9CC8-E8EA0F2C5E4A}.Ad-Hoc|Any CPU.Build.0 = Release|Any CPU
		{F35C22A5-458B-4178-9CC8-E8EA0F2C5E4A}.Ad-Hoc|Any CPU.Deploy.0 = Release|Any CPU
		{F35C22A5-458B-4178-9CC8-E8EA0F2C5E4A}.Ad-Hoc|iPhone.ActiveCfg = Release|Any CPU
		{F35C22A5-458B-4178-9CC8-E8EA0F2C5E4A}.Ad-Hoc|iPhone.Build.0 = Release|Any CPU
		{F35C22A5-458B-4178-9CC8-E8EA0F2C5E4A}.Ad-Hoc|iPhone.Deploy.0 = Release|Any CPU
		{F35C22A5-458B-4178-9CC8-E8EA0F2C5E4A}.Ad-Hoc|iPhoneSimulator.ActiveCfg = Release|Any CPU
		{F35C22A5-458B-4178-9CC8-E8EA0F2C5E4A}.Ad-Hoc|iPhoneSimulator.Build.0 = Release|Any CPU
		{F35C22A5-458B-4178-9CC8-E8EA0F2C5E4A}.Ad-Hoc|iPhoneSimulator.Deploy.0 = Release|Any CPU
		{F35C22A5-458B-4178-9CC8-E8EA0F2C5E4A}.AppStore|Any CPU.ActiveCfg = Release|Any CPU
		{F35C22A5-458B-4178-9CC8-E8EA0F2C5E4A}.AppStore|Any CPU.Build.0 = Release|Any CPU
		{F35C22A5-458B-4178-9CC8-E8EA0F2C5E4A}.AppStore|Any CPU.Deploy.0 = Release|Any CPU
		{F35C22A5-458B-4178-9CC8-E8EA0F2C5E4A}.AppStore|iPhone.ActiveCfg = Release|Any CPU
		{F35C22A5-458B-4178-9CC8-E8EA0F2C5E4A}.AppStore|iPhone.Build.0 = Release|Any CPU
		{F35C22A5-458B-4178-9CC8-E8EA0F2C5E4A}.AppStore|iPhone.Deploy.0 = Release|Any CPU
		{F35C22A5-458B-4178-9CC8-E8EA0F2C5E4A}.AppStore|iPhoneSimulator.ActiveCfg = Release|Any CPU
		{F35C22A5-458B-4178-9CC8-E8EA0F2C5E4A}.AppStore|iPhoneSimulator.Build.0 = Release|Any CPU
		{F35C22A5-458B-4178-9CC8-E8EA0F2C5E4A}.AppStore|iPhoneSimulator.Deploy.0 = Release|Any CPU
		{F35C22A5-458B-4178-9CC8-E8EA0F2C5E4A}.Debug|Any CPU.ActiveCfg = Debug|Any CPU
		{F35C22A5-458B-4178-9CC8-E8EA0F2C5E4A}.Debug|Any CPU.Build.0 = Debug|Any CPU
		{F35C22A5-458B-4178-9CC8-E8EA0F2C5E4A}.Debug|Any CPU.Deploy.0 = Debug|Any CPU
		{F35C22A5-458B-4178-9CC8-E8EA0F2C5E4A}.Debug|iPhone.ActiveCfg = Debug|Any CPU
		{F35C22A5-458B-4178-9CC8-E8EA0F2C5E4A}.Debug|iPhone.Build.0 = Debug|Any CPU
		{F35C22A5-458B-4178-9CC8-E8EA0F2C5E4A}.Debug|iPhone.Deploy.0 = Debug|Any CPU
		{F35C22A5-458B-4178-9CC8-E8EA0F2C5E4A}.Debug|iPhoneSimulator.ActiveCfg = Debug|Any CPU
		{F35C22A5-458B-4178-9CC8-E8EA0F2C5E4A}.Debug|iPhoneSimulator.Build.0 = Debug|Any CPU
		{F35C22A5-458B-4178-9CC8-E8EA0F2C5E4A}.Debug|iPhoneSimulator.Deploy.0 = Debug|Any CPU
		{F35C22A5-458B-4178-9CC8-E8EA0F2C5E4A}.Release|Any CPU.ActiveCfg = Release|Any CPU
		{F35C22A5-458B-4178-9CC8-E8EA0F2C5E4A}.Release|Any CPU.Build.0 = Release|Any CPU
		{F35C22A5-458B-4178-9CC8-E8EA0F2C5E4A}.Release|Any CPU.Deploy.0 = Release|Any CPU
		{F35C22A5-458B-4178-9CC8-E8EA0F2C5E4A}.Release|iPhone.ActiveCfg = Release|Any CPU
		{F35C22A5-458B-4178-9CC8-E8EA0F2C5E4A}.Release|iPhone.Build.0 = Release|Any CPU
		{F35C22A5-458B-4178-9CC8-E8EA0F2C5E4A}.Release|iPhone.Deploy.0 = Release|Any CPU
		{F35C22A5-458B-4178-9CC8-E8EA0F2C5E4A}.Release|iPhoneSimulator.ActiveCfg = Release|Any CPU
		{F35C22A5-458B-4178-9CC8-E8EA0F2C5E4A}.Release|iPhoneSimulator.Build.0 = Release|Any CPU
		{F35C22A5-458B-4178-9CC8-E8EA0F2C5E4A}.Release|iPhoneSimulator.Deploy.0 = Release|Any CPU
		{ECCD9689-0DC3-4387-83DE-8B42DB97B7BF}.Ad-Hoc|Any CPU.ActiveCfg = Ad-Hoc|iPhone
		{ECCD9689-0DC3-4387-83DE-8B42DB97B7BF}.Ad-Hoc|iPhone.ActiveCfg = Ad-Hoc|iPhone
		{ECCD9689-0DC3-4387-83DE-8B42DB97B7BF}.Ad-Hoc|iPhone.Build.0 = Ad-Hoc|iPhone
		{ECCD9689-0DC3-4387-83DE-8B42DB97B7BF}.Ad-Hoc|iPhoneSimulator.ActiveCfg = Ad-Hoc|iPhoneSimulator
		{ECCD9689-0DC3-4387-83DE-8B42DB97B7BF}.Ad-Hoc|iPhoneSimulator.Build.0 = Ad-Hoc|iPhoneSimulator
		{ECCD9689-0DC3-4387-83DE-8B42DB97B7BF}.AppStore|Any CPU.ActiveCfg = AppStore|iPhone
		{ECCD9689-0DC3-4387-83DE-8B42DB97B7BF}.AppStore|iPhone.ActiveCfg = AppStore|iPhone
		{ECCD9689-0DC3-4387-83DE-8B42DB97B7BF}.AppStore|iPhone.Build.0 = AppStore|iPhone
		{ECCD9689-0DC3-4387-83DE-8B42DB97B7BF}.AppStore|iPhoneSimulator.ActiveCfg = AppStore|iPhoneSimulator
		{ECCD9689-0DC3-4387-83DE-8B42DB97B7BF}.AppStore|iPhoneSimulator.Build.0 = AppStore|iPhoneSimulator
		{ECCD9689-0DC3-4387-83DE-8B42DB97B7BF}.Debug|Any CPU.ActiveCfg = Debug|iPhone
		{ECCD9689-0DC3-4387-83DE-8B42DB97B7BF}.Debug|iPhone.ActiveCfg = Debug|iPhone
		{ECCD9689-0DC3-4387-83DE-8B42DB97B7BF}.Debug|iPhone.Build.0 = Debug|iPhone
		{ECCD9689-0DC3-4387-83DE-8B42DB97B7BF}.Debug|iPhoneSimulator.ActiveCfg = Debug|iPhoneSimulator
		{ECCD9689-0DC3-4387-83DE-8B42DB97B7BF}.Debug|iPhoneSimulator.Build.0 = Debug|iPhoneSimulator
		{ECCD9689-0DC3-4387-83DE-8B42DB97B7BF}.Release|Any CPU.ActiveCfg = Release|iPhone
		{ECCD9689-0DC3-4387-83DE-8B42DB97B7BF}.Release|iPhone.ActiveCfg = Release|iPhone
		{ECCD9689-0DC3-4387-83DE-8B42DB97B7BF}.Release|iPhone.Build.0 = Release|iPhone
		{ECCD9689-0DC3-4387-83DE-8B42DB97B7BF}.Release|iPhoneSimulator.ActiveCfg = Release|iPhoneSimulator
		{ECCD9689-0DC3-4387-83DE-8B42DB97B7BF}.Release|iPhoneSimulator.Build.0 = Release|iPhoneSimulator
	EndGlobalSection
	GlobalSection(SolutionProperties) = preSolution
		HideSolutionNode = FALSE
	EndGlobalSection
	GlobalSection(ExtensibilityGlobals) = postSolution
		SolutionGuid = {16177189-1F5E-469E-8990-627D2D32D614}
	EndGlobalSection
EndGlobal
